<?xml version="1.0" encoding="utf-8"?>
<Project ToolsVersion="4.0" xmlns="http://schemas.microsoft.com/developer/msbuild/2003">
  <ItemGroup>
    <ClCompile Include="main.cpp" />
    <ClCompile Include="stdafx.cpp" />
    <ClCompile Include="eventsystem\event.cpp">
      <Filter>eventsystem</Filter>
    </ClCompile>
    <ClCompile Include="eventsystem\eventcallbackhandler.cpp">
      <Filter>eventsystem</Filter>
    </ClCompile>
    <ClCompile Include="window\backgroundtexture.cpp">
      <Filter>window</Filter>
    </ClCompile>
    <ClCompile Include="window\eventhandler.cpp">
      <Filter>window</Filter>
    </ClCompile>
    <ClCompile Include="window\window.cpp">
      <Filter>window</Filter>
    </ClCompile>
    <ClCompile Include="customwidgets\sdl2label\sdl2label.cpp">
      <Filter>customwidgets\sdl2label</Filter>
    </ClCompile>
  </ItemGroup>
  <ItemGroup>
    <ClInclude Include="stdafx.h" />
    <ClInclude Include="sdl2paintmain.h" />
    <ClInclude Include="base\consts.h">
      <Filter>base</Filter>
    </ClInclude>
    <ClInclude Include="base\enums.h">
      <Filter>base</Filter>
    </ClInclude>
    <ClInclude Include="base\macros.h">
      <Filter>base</Filter>
    </ClInclude>
    <ClInclude Include="base\sdlhelper.h">
      <Filter>base</Filter>
    </ClInclude>
    <ClInclude Include="eventsystem\event.h">
      <Filter>eventsystem</Filter>
    </ClInclude>
    <ClInclude Include="eventsystem\eventcallbackhandler.h">
      <Filter>eventsystem</Filter>
    </ClInclude>
    <ClInclude Include="eventsystem\interfaces\ieventcallbackhandler.h">
      <Filter>eventsystem\interfaces</Filter>
    </ClInclude>
    <ClInclude Include="eventsystem\interfaces\ieventargument.h">
      <Filter>eventsystem\interfaces</Filter>
    </ClInclude>
    <ClInclude Include="window\backgroundtexture.h">
      <Filter>window</Filter>
    </ClInclude>
    <ClInclude Include="window\eventhandler.h">
      <Filter>window</Filter>
    </ClInclude>
    <ClInclude Include="window\window.h">
      <Filter>window</Filter>
    </ClInclude>
    <ClInclude Include="window\interfaces\irenderable.h">
      <Filter>window\interfaces</Filter>
    </ClInclude>
    <ClInclude Include="window\interfaces\iuicomponent.h">
      <Filter>window\interfaces</Filter>
    </ClInclude>
    <ClInclude Include="window\events\uieventcontainer.h">
      <Filter>window\events</Filter>
    </ClInclude>
    <ClInclude Include="window\events\eventarguments\pointeventargument.h">
      <Filter>window\events\eventarguments</Filter>
    </ClInclude>
    <ClInclude Include="customwidgets\sdl2label\sdl2label.h">
      <Filter>customwidgets\sdl2label</Filter>
    </ClInclude>
  </ItemGroup>
  <ItemGroup>
    <Filter Include="base">
      <UniqueIdentifier>{e670643d-300d-4f03-ac7b-e7d48ee80aa3}</UniqueIdentifier>
    </Filter>
    <Filter Include="eventsystem">
      <UniqueIdentifier>{56a9cb56-e920-4a23-a8cb-1924a4e9bcfa}</UniqueIdentifier>
    </Filter>
    <Filter Include="eventsystem\interfaces">
      <UniqueIdentifier>{a99e4fbd-448a-4fe7-9802-92c249e5a832}</UniqueIdentifier>
    </Filter>
    <Filter Include="customwidgets">
      <UniqueIdentifier>{51ac5371-1725-41e9-936e-6123515350e1}</UniqueIdentifier>
    </Filter>
    <Filter Include="window">
      <UniqueIdentifier>{519e0df9-dafc-4239-a549-9606228fe95b}</UniqueIdentifier>
    </Filter>
    <Filter Include="window\interfaces">
      <UniqueIdentifier>{fbad4091-129a-4de2-8b1c-b04fbe77d7e7}</UniqueIdentifier>
    </Filter>
    <Filter Include="window\events">
      <UniqueIdentifier>{363d4da9-e66b-4973-a251-b8df5c112dbd}</UniqueIdentifier>
    </Filter>
    <Filter Include="window\events\eventarguments">
      <UniqueIdentifier>{abe4936a-bf5a-4019-81f6-225dbded2d4d}</UniqueIdentifier>
    </Filter>
    <Filter Include="application">
      <UniqueIdentifier>{235e41d8-e16c-4e9f-a66e-796e4481223f}</UniqueIdentifier>
    </Filter>
    <Filter Include="application\sdl">
      <UniqueIdentifier>{01b5fa16-1961-4adf-b952-277cd8489f89}</UniqueIdentifier>
    </Filter>
    <Filter Include="application\mainapplication">
      <UniqueIdentifier>{f56b2590-ea8b-4c5d-991f-c5dc8e557426}</UniqueIdentifier>
    </Filter>
    <Filter Include="customwidgets\sdl2label">
      <UniqueIdentifier>{1a5db56f-506b-4bfd-80a1-f65c874c9d62}</UniqueIdentifier>
    </Filter>
  </ItemGroup>
</Project>