<?xml version="1.0" encoding="utf-8"?>
<Project ToolsVersion="4.0" xmlns="http://schemas.microsoft.com/developer/msbuild/2003">
  <ItemGroup>
    <ClCompile Include="main.cpp" />
    <ClCompile Include="stdafx.cpp" />
    <ClCompile Include="types\window.cpp">
      <Filter>types</Filter>
    </ClCompile>
    <ClCompile Include="types\eventhandler.cpp">
      <Filter>types</Filter>
    </ClCompile>
    <ClCompile Include="types\backgroundtexture.cpp">
      <Filter>types</Filter>
    </ClCompile>
    <ClCompile Include="eventsystem\event.cpp">
      <Filter>eventsystem</Filter>
    </ClCompile>
    <ClCompile Include="eventsystem\eventcallbackhandler.cpp">
      <Filter>eventsystem</Filter>
    </ClCompile>
  </ItemGroup>
  <ItemGroup>
    <ClInclude Include="stdafx.h" />
    <ClInclude Include="sdl2paintmain.h" />
    <ClInclude Include="types\window.h">
      <Filter>types</Filter>
    </ClInclude>
    <ClInclude Include="base\consts.h">
      <Filter>base</Filter>
    </ClInclude>
    <ClInclude Include="base\enums.h">
      <Filter>base</Filter>
    </ClInclude>
    <ClInclude Include="base\macros.h">
      <Filter>base</Filter>
    </ClInclude>
    <ClInclude Include="base\sdlhelper.h">
      <Filter>base</Filter>
    </ClInclude>
    <ClInclude Include="types\eventhandler.h">
      <Filter>types</Filter>
    </ClInclude>
    <ClInclude Include="types\interfaces\irenderable.h">
      <Filter>types\interfaces</Filter>
    </ClInclude>
    <ClInclude Include="types\backgroundtexture.h">
      <Filter>types</Filter>
    </ClInclude>
    <ClInclude Include="eventsystem\event.h">
      <Filter>eventsystem</Filter>
    </ClInclude>
    <ClInclude Include="eventsystem\eventcallbackhandler.h">
      <Filter>eventsystem</Filter>
    </ClInclude>
    <ClInclude Include="eventsystem\interfaces\ieventcallbackhandler.h">
      <Filter>eventsystem\interfaces</Filter>
    </ClInclude>
    <ClInclude Include="eventsystem\interfaces\ieventargument.h">
      <Filter>eventsystem\interfaces</Filter>
    </ClInclude>
    <ClInclude Include="types\events\uieventcontainer.h">
      <Filter>types\events</Filter>
    </ClInclude>
    <ClInclude Include="types\events\eventarguments\pointeventargument.h">
      <Filter>types\events\eventarguments</Filter>
    </ClInclude>
    <ClInclude Include="types\interfaces\iuicomponent.h">
      <Filter>types\interfaces</Filter>
    </ClInclude>
  </ItemGroup>
  <ItemGroup>
    <Filter Include="types">
      <UniqueIdentifier>{519e0df9-dafc-4239-a549-9606228fe95b}</UniqueIdentifier>
    </Filter>
    <Filter Include="base">
      <UniqueIdentifier>{e670643d-300d-4f03-ac7b-e7d48ee80aa3}</UniqueIdentifier>
    </Filter>
    <Filter Include="types\interfaces">
      <UniqueIdentifier>{fbad4091-129a-4de2-8b1c-b04fbe77d7e7}</UniqueIdentifier>
    </Filter>
    <Filter Include="eventsystem">
      <UniqueIdentifier>{56a9cb56-e920-4a23-a8cb-1924a4e9bcfa}</UniqueIdentifier>
    </Filter>
    <Filter Include="eventsystem\interfaces">
      <UniqueIdentifier>{a99e4fbd-448a-4fe7-9802-92c249e5a832}</UniqueIdentifier>
    </Filter>
    <Filter Include="types\events">
      <UniqueIdentifier>{363d4da9-e66b-4973-a251-b8df5c112dbd}</UniqueIdentifier>
    </Filter>
    <Filter Include="types\events\eventarguments">
      <UniqueIdentifier>{abe4936a-bf5a-4019-81f6-225dbded2d4d}</UniqueIdentifier>
    </Filter>
  </ItemGroup>
</Project>